
Microsoft Visual Studio Solution File, Format Version 12.00
# Visual Studio Version 16
VisualStudioVersion = 16.0.31424.327
MinimumVisualStudioVersion = 10.0.40219.1
Project("{FAE04EC0-301F-11D3-BF4B-00C04F79EFBC}") = "WpfTest", "WpfTest\WpfTest.csproj", "{925ADB83-72AC-474A-9CF8-225AA1669BDE}"
EndProject
Global
	GlobalSection(SolutionConfigurationPlatforms) = preSolution
		Debug|Any CPU = Debug|Any CPU
		Release|Any CPU = Release|Any CPU
	EndGlobalSection
	GlobalSection(ProjectConfigurationPlatforms) = postSolution
		{925ADB83-72AC-474A-9CF8-225AA1669BDE}.Debug|Any CPU.ActiveCfg = Debug|Any CPU
		{925ADB83-72AC-474A-9CF8-225AA1669BDE}.Debug|Any CPU.Build.0 = Debug|Any CPU
		{925ADB83-72AC-474A-9CF8-225AA1669BDE}.Release|Any CPU.ActiveCfg = Release|Any CPU
		{925ADB83-72AC-474A-9CF8-225AA1669BDE}.Release|Any CPU.Build.0 = Release|Any CPU
	EndGlobalSection
	GlobalSection(SolutionProperties) = preSolution
		HideSolutionNode = FALSE
	EndGlobalSection
	GlobalSection(ExtensibilityGlobals) = postSolution
		SolutionGuid = {18AA4C63-AB80-48EF-B30F-0BEC10B387A4}
	EndGlobalSection
EndGlobal
