
Microsoft Visual Studio Solution File, Format Version 12.00
# Visual Studio Version 16
VisualStudioVersion = 16.0.31424.327
MinimumVisualStudioVersion = 10.0.40219.1
Project("{FAE04EC0-301F-11D3-BF4B-00C04F79EFBC}") = "WpfMVVM", "WpfMVVM\WpfMVVM.csproj", "{63875442-62ED-477C-A457-05E8A8486A3C}"
EndProject
Global
	GlobalSection(SolutionConfigurationPlatforms) = preSolution
		Debug|Any CPU = Debug|Any CPU
		Release|Any CPU = Release|Any CPU
	EndGlobalSection
	GlobalSection(ProjectConfigurationPlatforms) = postSolution
		{63875442-62ED-477C-A457-05E8A8486A3C}.Debug|Any CPU.ActiveCfg = Debug|Any CPU
		{63875442-62ED-477C-A457-05E8A8486A3C}.Debug|Any CPU.Build.0 = Debug|Any CPU
		{63875442-62ED-477C-A457-05E8A8486A3C}.Release|Any CPU.ActiveCfg = Release|Any CPU
		{63875442-62ED-477C-A457-05E8A8486A3C}.Release|Any CPU.Build.0 = Release|Any CPU
	EndGlobalSection
	GlobalSection(SolutionProperties) = preSolution
		HideSolutionNode = FALSE
	EndGlobalSection
	GlobalSection(ExtensibilityGlobals) = postSolution
		SolutionGuid = {454448DA-44B9-4767-BF9C-AB6519531247}
	EndGlobalSection
EndGlobal
